{
  "name": "assets",
  "lockfileVersion": 2,
  "requires": true,
  "packages": {
    "": {
      "dependencies": {
        "hsluv": "^1.0.0",
        "nprogress": "^0.2.0"
      }
    },
    "node_modules/hsluv": {
      "version": "1.0.0",
      "resolved": "https://registry.npmjs.org/hsluv/-/hsluv-1.0.0.tgz",
      "integrity": "sha512-RqZkmiAbUnQ5JkjDFB81iaAC62fkL7BtQultslKzb7Sqs6wzPljY0YPDEhA9pdsVdGQ6ksfMBp9rJB9JyRlQFQ=="
    },
    "node_modules/nprogress": {
      "version": "0.2.0",
      "license": "MIT"
    }
  },
  "dependencies": {
    "hsluv": {
      "version": "1.0.0",
      "resolved": "https://registry.npmjs.org/hsluv/-/hsluv-1.0.0.tgz",
      "integrity": "sha512-RqZkmiAbUnQ5JkjDFB81iaAC62fkL7BtQultslKzb7Sqs6wzPljY0YPDEhA9pdsVdGQ6ksfMBp9rJB9JyRlQFQ=="
    },
    "nprogress": {
      "version": "0.2.0"
    }
  }
}
